<Solution>
  <Folder Name="/src/">
    <Project Path="src/HrAgencySystem.Api/HrAgencySystem.Api.csproj" />
    <Project Path="src/HrAgencySystem.Audit/HrAgencySystem.Audit.csproj" />
    <Project Path="src/HrAgencySystem.Company/HrAgencySystem.Company.csproj" />
    <Project Path="src/HrAgencySystem.Compliance/HrAgencySystem.Compliance.csproj" />
    <Project Path="src/HrAgencySystem.Feeds/HrAgencySystem.Feeds.csproj" />
    <Project Path="src/HrAgencySystem.FeedsWorker/HrAgencySystem.FeedsWorker.csproj" />
    <Project Path="src/HrAgencySystem.Files/HrAgencySystem.Files.csproj" />
    <Project Path="src/HrAgencySystem.Identity/HrAgencySystem.Identity.csproj" />
    <Project Path="src/HrAgencySystem.JobDescription/HrAgencySystem.JobDescription.csproj" />
    <Project Path="src/HrAgencySystem.Organization/HrAgencySystem.Organization.csproj" />
    <Project Path="src/HrAgencySystem.Projects/HrAgencySystem.Projects.csproj" />
    <Project Path="src/HrAgencySystem.Recruitment.Contracts/HrAgencySystem.Recruitment.Contracts.csproj" />
    <Project Path="src/HrAgencySystem.Teams.Contracts/HrAgencySystem.Teams.Contracts.csproj" />
    <Project Path="src/HrAgencySystem.Recruitment/HrAgencySystem.Recruitment.csproj" />
    <Project Path="src/HrAgencySystem.Sales/HrAgencySystem.Sales.csproj" />
    <Project Path="src/HrAgencySystem.SharedKernel/HrAgencySystem.SharedKernel.csproj" />
    <Project Path="src/HrAgencySystem.LegalEntities/HrAgencySystem.LegalEntities.csproj" />
    <Project Path="src/HrAgencySystem.Teams/HrAgencySystem.Teams.csproj" />
    <Project Path="src/HrAgencySystem.Workers/HrAgencySystem.Workers.csproj" />
    <Project Path="src\HrAgencySystem.PlatformSeeder\HrAgencySystem.PlatformSeeder.csproj" />
  </Folder>
  <Folder Name="/src/EmailTemplates/">
    <Project Path="src/EmailTemplates/HrAgencySystem.EmailTemplates.Contracts/HrAgencySystem.EmailTemplates.Contracts.csproj" />
    <Project Path="src/EmailTemplates/HrAgencySystem.EmailTemplates/HrAgencySystem.EmailTemplates.csproj" />
    <Project Path="src/EmailTemplates/HrAgencySystem.EmailTemplates.Messaging/HrAgencySystem.EmailTemplates.Messaging.csproj" />
  </Folder>
  <Folder Name="/src/Svc/">
    <Project Path="src/services/HrAgencySystem.FileService/HrAgencySystem.FileService.csproj" />
    <Project Path="src/services/HrAgencySystem.FileService.Contracts/HrAgencySystem.FileService.Contracts.csproj" />
    <Project Path="src/services/HrAgencySystem.NotificationWorker/HrAgencySystem.NotificationWorker.csproj" />
  </Folder>
  <Folder Name="/src/Web/">
    <Project Path="src/HrAgencySystem.Web/HrAgencySystem.Web.csproj" />
  </Folder>
  <Folder Name="/tests/">
    <Project Path="tests/HrAgencySystem.EmailTemplates.UnitTests/HrAgencySystem.EmailTemplates.UnitTests.csproj" />
    <Project Path="tests/HrAgencySystem.FileService.UnitTests/HrAgencySystem.FileService.UnitTests.csproj" />
    <Project Path="tests/HrAgencySystem.IntegrationTests/HrAgencySystem.IntegrationTests.csproj" />
    <Project Path="tests/HrAgencySystem.UnitTests/HrAgencySystem.UnitTests.csproj" />
  </Folder>
</Solution>
