# THIS IS AN AUTOGENERATED FILE. DO NOT EDIT THIS FILE DIRECTLY.
# yarn lockfile v1


"@oxc-project/types@=0.149.0":
  version "0.149.0"
  resolved "https://registry.yarnpkg.com/@oxc-project/types/-/types-0.149.0.tgz#328c1d19403980199c869676871db9ed46932ff8"
  integrity sha512-Efcc+iF0j3Bf67YjEqIqWXbX5XddXoK/Mw4K1/JuXwRCZ8N16VR7iT23nlCc9XrveFVh/E5Rqs2StT0V8v9LdA==

"@rolldown/binding-android-arm-eabi@1.2.8":
  version "1.2.8"
  resolved "https://registry.yarnpkg.com/@rolldown/binding-android-arm-eabi/-/binding-android-arm-eabi-1.2.8.tgz#55f0a8e97eb87a0873ea1466d2b4af9510739589"
  integrity sha512-tN5aztYkKCte4i5SIrrz5yK/HMjEuCqCSCJa418jOV8tZ1cBY3YF2otxB1ktPxzsLA1BeTqwapK0bfjxNvHJVw==

"@rolldown/binding-android-arm64@1.2.8":
  version "1.2.8"
  resolved "https://registry.yarnpkg.com/@rolldown/binding-android-arm64/-/binding-android-arm64-1.2.8.tgz#3b783ee41120b2fefac41bd8e6d711f4ce7f82a7"
  integrity sha512-dIYTWl9XprMUiQFoc55KUyk/oS8SKYH3zFl0LTR7RT0Xj4hgSVyuJcroH8JUu8RcpF8fTB6E0aOwCkZoYPcDSQ==

"@rolldown/binding-darwin-arm64@1.2.8":
  version "1.2.8"
  resolved "https://registry.yarnpkg.com/@rolldown/binding-darwin-arm64/-/binding-darwin-arm64-1.2.8.tgz#56c27646e8faae70aa56065a3b686b1d7de9d8b4"
  integrity sha512-PCSDQGXD2IyTEFrcgPyBM8jJuGmrbCMuoIOXdbEGVemruKACXoLQJrb+A45Z0L5t1RQkdfJprAYPkikbh7dzdA==

"@rolldown/binding-darwin-x64@1.2.8":
  version "1.2.8"
  resolved "https://registry.yarnpkg.com/@rolldown/binding-darwin-x64/-/binding-darwin-x64-1.2.8.tgz#3b9da1032c897ce191cb23601dbf9887ce6895ae"
  integrity sha512-Uk7lRsGhPFHVX/sAUC6D5H9Ol30dFHd6iquokll2th3LpdJ3F5CzQB+7DHn0Ri2mG+U7k2zXiPHDrwZenXhwSA==

"@rolldown/binding-freebsd-x64@1.2.8":
  version "1.2.8"
  resolved "https://registry.yarnpkg.com/@rolldown/binding-freebsd-x64/-/binding-freebsd-x64-1.2.8.tgz#43d4257704b15204aa42059e36a638b63c0e402d"
  integrity sha512-DjszaTEVogPqA5bYzsEeqDCQxbcp2fexQwKcRspYji2yzR68fCf+e4fx6kBSRDwX5/brZaHw/hWS9+A/+/w9sQ==

"@rolldown/binding-linux-arm-gnueabihf@1.2.8":
  version "1.2.8"
  resolved "https://registry.yarnpkg.com/@rolldown/binding-linux-arm-gnueabihf/-/binding-linux-arm-gnueabihf-1.2.8.tgz#d95b9fe9f04f2278cb2eef98e2cf20199c3fe5d0"
  integrity sha512-zmwa7FTmdzB6aaEEuuls18H6Ap5JmJPSoPTuXixeJZV6tG40SyLkApQtz1g8ptZtiEKqj9OM0oNLPh1AgvE31Q==

"@rolldown/binding-linux-arm64-gnu@1.2.8":
  version "1.2.8"
  resolved "https://registry.yarnpkg.com/@rolldown/binding-linux-arm64-gnu/-/binding-linux-arm64-gnu-1.2.8.tgz#07f33840b650b6a3f5954ccfc43b13629374182a"
  integrity sha512-KdYQDPHwJVnbFwdTGMgxsI9SqblBlz6STGM+w1We/d5B8OWWidYH0MwkU/uA1wM5fIpO2MkOVxXrNzzuZhw9ew==

"@rolldown/binding-linux-arm64-musl@1.2.8":
  version "1.2.8"
  resolved "https://registry.yarnpkg.com/@rolldown/binding-linux-arm64-musl/-/binding-linux-arm64-musl-1.2.8.tgz#357922929ec19c05f6d8eabd0899a053bab1a08b"
  integrity sha512-jFJTifHnNPY+yzOoNZQfSIysrVyXzEQPhPnOUjmD1bcQGHH6s7c8cViKWar8YplQImE5N9JRqMCLrM2CdxOrZA==

"@rolldown/binding-linux-ppc64-gnu@1.2.8":
  version "1.2.8"
  resolved "https://registry.yarnpkg.com/@rolldown/binding-linux-ppc64-gnu/-/binding-linux-ppc64-gnu-1.2.8.tgz#0bc7b29262d3022d8cf57876d70d819387bd3dc9"
  integrity sha512-FhiOziBDWPBjbcmRzfLyIJnaP7AVMFXT7YCXPjXxj7wKU3vx24RjrCNN/zjvVa+N2vVoHJwCoUBvsrN/DG3zIA==

"@rolldown/binding-linux-s390x-gnu@1.2.8":
  version "1.2.8"
  resolved "https://registry.yarnpkg.com/@rolldown/binding-linux-s390x-gnu/-/binding-linux-s390x-gnu-1.2.8.tgz#3a3d653becc48975025b8922056822662b7d4414"
  integrity sha512-WnHfADMzOV2Y55wlx1hzzQnar/wDt/VdvWSD99r18Mz9ylNieIGOkRx3UV21h7m/eJvjySYJkO26VvGNFkwsIQ==

"@rolldown/binding-linux-x64-gnu@1.2.8":
  version "1.2.8"
  resolved "https://registry.yarnpkg.com/@rolldown/binding-linux-x64-gnu/-/binding-linux-x64-gnu-1.2.8.tgz#c14ec9af7dbc2b1e459b36e292d57b27565f6737"
  integrity sha512-H9tRr5ibfXFVLxbPOseVewewFpl28zcEdjRDt2FTUZU7odxP0gEv1ki4/kGmcGOh78oRwZuuQllGLZ9zTJp84g==

"@rolldown/binding-linux-x64-musl@1.2.8":
  version "1.2.8"
  resolved "https://registry.yarnpkg.com/@rolldown/binding-linux-x64-musl/-/binding-linux-x64-musl-1.2.8.tgz#40c2888d1ac87d9e39c6fc6799c060510e7a4d69"
  integrity sha512-UefiqfM3D6IVNlZ8tSGs9+Ejjud2T+oxO0IHADU45Y+lyEjD2dVFyZHbkfX0LUb5Zugo/oIv1eCO/KVYhgYJYA==

"@rolldown/binding-openharmony-arm64@1.2.8":
  version "1.2.8"
  resolved "https://registry.yarnpkg.com/@rolldown/binding-openharmony-arm64/-/binding-openharmony-arm64-1.2.8.tgz#3e021f4e77283ca111c709d3ed6775419f471056"
  integrity sha512-637Ke4kWSy6rp9cxQ9gMOXlxPgIw/c1beASV4M//3+9I4uwBVOOl74G+e3zyU3u19U7RkRl/HuewixZ/Z6+Rjg==

"@rolldown/binding-win32-arm64-msvc@1.2.8":
  version "1.2.8"
  resolved "https://registry.yarnpkg.com/@rolldown/binding-win32-arm64-msvc/-/binding-win32-arm64-msvc-1.2.8.tgz#32b6c6a335ad14f97025bb2bc90135222405bb76"
  integrity sha512-xWBkPOF1Q9k/Gv1nQXnVdLxKu74jXppuOM4Z3mnypVUJJJwLsMl7hNJGRAUJoG8A5MgOI1ACKM+wBFxSJzKy4A==

"@rolldown/binding-win32-x64-msvc@1.2.8":
  version "1.2.8"
  resolved "https://registry.yarnpkg.com/@rolldown/binding-win32-x64-msvc/-/binding-win32-x64-msvc-1.2.8.tgz#df4e965896c61411b96566abf345f46141f498c4"
  integrity sha512-uz2ZvfgXbxqNwijjjbxrnvALwpyODDcgc1T1N8N3rf/DXKQmaFwmB4LX4yyjggpwN2obdQLb2rgirX5ffCWYng==

"@rolldown/pluginutils@^1.0.0":
  version "1.0.1"
  resolved "https://registry.yarnpkg.com/@rolldown/pluginutils/-/pluginutils-1.0.1.tgz#e3fcee093fbb5ce765e1ad088ff4de2889f6f9be"
  integrity sha512-2j9bGt5Jh8hj+vPtgzPtl72j0yRxHAyumoo6TNfAjsLB04UtpSvPbPcDcBMxz7n+9CYB0c1GxQFxYRg2jimqGw==

consola@^3.4.2:
  version "3.4.2"
  resolved "https://registry.yarnpkg.com/consola/-/consola-3.4.2.tgz#5af110145397bb67afdab77013fdc34cae590ea7"
  integrity sha512-5IKcdX0nnYavi6G7TtOhwkYzyjfJlatbjMjuLSfE2kYT5pMDOilZ4OvMhi637CcDICTmz3wARPoyhqyX1Y+XvA==

crossws@^0.4.12:
  version "0.4.12"
  resolved "https://registry.yarnpkg.com/crossws/-/crossws-0.4.12.tgz#3be6300b1e5a06db08e890e72eb1c7f6c809c9af"
  integrity sha512-aypfsr6t0uNvkqaZc6zvBfXzC6pLI0/sIulpkV6RwCVtZqG5ebBzv4weImKK0VNCj91Wl9F5j7p5WU4MNrybng==

db0@^0.4.1:
  version "0.4.1"
  resolved "https://registry.yarnpkg.com/db0/-/db0-0.4.1.tgz#50f0fe597c784783f4869ef4bf712929e5a17231"
  integrity sha512-6RBY/bSn42UrqATwsiULj2uYFyEykB3XeA/NLIVQeHNXlYV6D4Idxx3/aa6k5Y45Dwzx7sygeLotnqHWSeURYA==

env-runner@^0.2.1:
  version "0.2.2"
  resolved "https://registry.yarnpkg.com/env-runner/-/env-runner-0.2.2.tgz#38d1b26fcdf65302c97a31d3562b011ae1bbb7bf"
  integrity sha512-Mg9MqUq6fMe6Smd4x/bXJJTavobIXlPsJ+/ePWkoLSVTrGmQ+1YrzwjoCn1Bl7tMD9aNqB7c5NIWKRAIl3l7hw==
  dependencies:
    crossws "^0.4.12"
    exsolve "^1.1.1"
    httpxy "^0.5.5"
    srvx "^1.0.3"

exsolve@^1.1.1:
  version "1.1.1"
  resolved "https://registry.yarnpkg.com/exsolve/-/exsolve-1.1.1.tgz#c055418255459b6ecde4e59de0060a3e97bc7572"
  integrity sha512-9U/jZUgjnSGyntRr6y5Muu1MJcwFl6kPu7k8qLF0IMNfLqvw0NZ4nnVDq0RVoZ0RvCyumib4Ez3KYrVfilrw+g==

h3@^2.0.1-rc.31:
  version "2.0.1-rc.31"
  resolved "https://registry.yarnpkg.com/h3/-/h3-2.0.1-rc.31.tgz#fd799c829bba9f02deaf56b0b964ba46229f91e7"
  integrity sha512-AG7qZzF99a0BSYoXT3evJgIhwSIUKow7R+hwkLRZS06WJ9nbSb7QXUDgs1ByBjp6svTvl++N/GKA7I9YPz9cQQ==
  dependencies:
    rou3 "^0.9.2"
    srvx "^1.0.2"

hookable@^6.1.1:
  version "6.1.1"
  resolved "https://registry.yarnpkg.com/hookable/-/hookable-6.1.1.tgz#825f966b4b426db2e622d94d7a31a70f196f9d2f"
  integrity sha512-U9LYDy1CwhMCnprUfeAZWZGByVbhd54hwepegYTK7Pi5NvqEj63ifz5z+xukznehT7i6NIZRu89Ay1AZmRsLEQ==

httpxy@^0.5.5:
  version "0.5.5"
  resolved "https://registry.yarnpkg.com/httpxy/-/httpxy-0.5.5.tgz#250363163cc95858dc36233bb08bf9c98a55faba"
  integrity sha512-uDjmnPyp1q4Sgzf3w+J/Fc6UqcCEj0x4Wjp7OqK5dGhNeDgpyrAmnS6ey8QWrX3SWDon2DMKf9sBa5X9+CVyMA==

nf3@^0.3.24:
  version "0.3.24"
  resolved "https://registry.yarnpkg.com/nf3/-/nf3-0.3.24.tgz#0dd397b032fff24252922ee01fcedc8a0c095134"
  integrity sha512-HxLK4bo+5jNsEETZp4w3tJblHOA9MCBY14IN9nZJJV8JDxt9yNIYxuBuLMjTAR5GFa3HL61+8VQDUrXv3/C8fw==

nitro@^3.0.260903-beta:
  version "3.0.260903-beta"
  resolved "https://registry.yarnpkg.com/nitro/-/nitro-3.0.260903-beta.tgz#b7005438e725945bf580a76ef2c2ab7157c15085"
  integrity sha512-54gANPi62O8rfMvepiJUVuIzEIinYfpeHbebywlLxvVTgIYXDwSvpaU9Id+0sJOBjBx0wC1/CVYXJkH7SY+l0g==
  dependencies:
    consola "^3.4.2"
    crossws "^0.4.12"
    db0 "^0.4.1"
    env-runner "^0.2.1"
    h3 "^2.0.1-rc.31"
    hookable "^6.1.1"
    nf3 "^0.3.24"
    ocache "^0.3.0"
    rolldown "^1.2.7"
    rou3 "^0.9.2"
    srvx "^1.0.3"
    unenv "^2.0.0-rc.24"
    unstorage "^2.0.0-alpha.10"

ocache@^0.3.0:
  version "0.3.0"
  resolved "https://registry.yarnpkg.com/ocache/-/ocache-0.3.0.tgz#325985cbf510e3a073a7e5c16b0d68d6755ce21e"
  integrity sha512-RS/9P0zeBb0gDJmadGERLH8lZNXK7xbufTDhclkXGvFGTsj0G4M5/cLk+mizcERH29mLXNnocfB5wjcK70wGJg==

pathe@^2.0.3:
  version "2.0.3"
  resolved "https://registry.yarnpkg.com/pathe/-/pathe-2.0.3.tgz#3ecbec55421685b70a9da872b2cff3e1cbed1716"
  integrity sha512-WUjGcAqP1gQacoQe+OBJsFA7Ld4DyXuUIjZ5cc75cLHvJ7dtNsTugphxIADwspS+AraAUePCKrSVtPLFj/F88w==

rolldown@^1.2.7:
  version "1.2.8"
  resolved "https://registry.yarnpkg.com/rolldown/-/rolldown-1.2.8.tgz#3a18ad3c74809f05abe9130229b2b8b4249e9e21"
  integrity sha512-Z67nTmhZe7anqnM/EjI392w5i/ANUinjip7QYsOyN37oayduxt3ksdX0hf5OOamkAd53BiIHfbfSzfUmzKFQqQ==
  dependencies:
    "@oxc-project/types" "=0.149.0"
    "@rolldown/pluginutils" "^1.0.0"
  optionalDependencies:
    "@rolldown/binding-android-arm-eabi" "1.2.8"
    "@rolldown/binding-android-arm64" "1.2.8"
    "@rolldown/binding-darwin-arm64" "1.2.8"
    "@rolldown/binding-darwin-x64" "1.2.8"
    "@rolldown/binding-freebsd-x64" "1.2.8"
    "@rolldown/binding-linux-arm-gnueabihf" "1.2.8"
    "@rolldown/binding-linux-arm64-gnu" "1.2.8"
    "@rolldown/binding-linux-arm64-musl" "1.2.8"
    "@rolldown/binding-linux-ppc64-gnu" "1.2.8"
    "@rolldown/binding-linux-s390x-gnu" "1.2.8"
    "@rolldown/binding-linux-x64-gnu" "1.2.8"
    "@rolldown/binding-linux-x64-musl" "1.2.8"
    "@rolldown/binding-openharmony-arm64" "1.2.8"
    "@rolldown/binding-win32-arm64-msvc" "1.2.8"
    "@rolldown/binding-win32-x64-msvc" "1.2.8"

rou3@^0.9.2:
  version "0.9.2"
  resolved "https://registry.yarnpkg.com/rou3/-/rou3-0.9.2.tgz#4deea937ad3b9df79bb0b09ffc97c616db56c0e4"
  integrity sha512-3SOzvaAg8rkHrXtRjpCvCvbyO5to9oOO27Z/XqHEYXfMRVSw/qMIVdmaOk9W2lcRLtR6dlqTjo9hDeJk70QBYQ==

srvx@^1.0.2, srvx@^1.0.3:
  version "1.0.4"
  resolved "https://registry.yarnpkg.com/srvx/-/srvx-1.0.4.tgz#d1faac086110813e9efc4e3f1aa9a0c025e34fba"
  integrity sha512-eZmYaxUfZSo7/8m8UdsHRJNmTLSCTPPom9d7a60vMmuVeZvwhbvflRR+00/CxTCjMOFa5+H8tgBeNDVZ+w7AAQ==

unenv@^2.0.0-rc.24:
  version "2.0.0-rc.24"
  resolved "https://registry.yarnpkg.com/unenv/-/unenv-2.0.0-rc.24.tgz#dd0035c3e93fedfa12c8454e34b7f17fe83efa2e"
  integrity sha512-i7qRCmY42zmCwnYlh9H2SvLEypEFGye5iRmEMKjcGi7zk9UquigRjFtTLz0TYqr0ZGLZhaMHl/foy1bZR+Cwlw==
  dependencies:
    pathe "^2.0.3"

unstorage@^2.0.0-alpha.10:
  version "2.0.0-alpha.10"
  resolved "https://registry.yarnpkg.com/unstorage/-/unstorage-2.0.0-alpha.10.tgz#947ba3e0396747d7b897cbcd604649f979da36d2"
  integrity sha512-6h1veZp8gnp4dGllf0tDijoXxDYymJu251IpKKkrSVH+QHL6tXFbwG85KM+CBHSgpkkgtPuIiZ9oLCLP5+1Evw==
